
Microsoft Visual Studio Solution File, Format Version 11.00
# Visual Studio 2010
Project("{8BC9CEB8-8B4A-11D0-8D11-00A0C91BC942}") = "SPENGINE", "SPEngine\SPENGINE.vcxproj", "{7D08C877-AE72-4B95-84B5-7814950B1502}"
	ProjectSection(ProjectDependencies) = postProject
		{E25B6C31-5A99-496D-A32A-C52CEBF02F82} = {E25B6C31-5A99-496D-A32A-C52CEBF02F82}
		{D2FE6F40-AD61-424B-994B-4D7993551961} = {D2FE6F40-AD61-424B-994B-4D7993551961}
	EndProjectSection
EndProject
Project("{8BC9CEB8-8B4A-11D0-8D11-00A0C91BC942}") = "LibDirectShow", "DirectShow\DirectShow.vcxproj", "{E63AD8C5-3FFF-4BE7-8798-3F87D3E1E8FB}"
EndProject
Project("{8BC9CEB8-8B4A-11D0-8D11-00A0C91BC942}") = "LibXMLP", "SimpleXMLPersistence\SimpleXMLPersistence.vcxproj", "{D2FE6F40-AD61-424B-994B-4D7993551961}"
EndProject
Project("{2150E333-8FDC-42A3-9474-1A3956D46DE8}") = "Documents", "Documents", "{A257A436-002F-4674-9D1A-327A80AD1B25}"
	ProjectSection(SolutionItems) = preProject
		docs\SD.docx = docs\SD.docx
		docs\SPEngine.chm = docs\SPEngine.chm
		docs\SRS.docx = docs\SRS.docx
	EndProjectSection
EndProject
Project("{8BC9CEB8-8B4A-11D0-8D11-00A0C91BC942}") = "SampleSprite2D", "SampleSprite2D\SampleSprite2D.vcxproj", "{8F09E95C-E73A-40E3-9DB8-75F215A5393E}"
	ProjectSection(ProjectDependencies) = postProject
		{D2FE6F40-AD61-424B-994B-4D7993551961} = {D2FE6F40-AD61-424B-994B-4D7993551961}
		{E63AD8C5-3FFF-4BE7-8798-3F87D3E1E8FB} = {E63AD8C5-3FFF-4BE7-8798-3F87D3E1E8FB}
	EndProjectSection
EndProject
Project("{8BC9CEB8-8B4A-11D0-8D11-00A0C91BC942}") = "SampleSprite3D", "SampleSprite3D\SampleSprite3D.vcxproj", "{F9BFB419-CB80-4D13-8DFB-D5ADA1DB97E6}"
EndProject
Project("{8BC9CEB8-8B4A-11D0-8D11-00A0C91BC942}") = "SampleVideo", "SampleVideo\SampleVideo.vcxproj", "{14ADA05B-3001-4005-A532-BA8D95DC367B}"
EndProject
Project("{8BC9CEB8-8B4A-11D0-8D11-00A0C91BC942}") = "SpeShow", "SPShower\SPShower.vcxproj", "{93F41327-A725-445F-8F3F-678ABA8251C5}"
EndProject
Project("{8BC9CEB8-8B4A-11D0-8D11-00A0C91BC942}") = "LibVorbis", "Vorbis\Vorbis.vcxproj", "{E25B6C31-5A99-496D-A32A-C52CEBF02F82}"
EndProject
Project("{8BC9CEB8-8B4A-11D0-8D11-00A0C91BC942}") = "SPHLSLCompiler", "HLSLCompiler\HLSLCompiler.vcxproj", "{667F2686-3BDA-4613-8294-5C5CA0B8FA62}"
EndProject
Global
	GlobalSection(SolutionConfigurationPlatforms) = preSolution
		Debug|Win32 = Debug|Win32
		Release|Win32 = Release|Win32
	EndGlobalSection
	GlobalSection(ProjectConfigurationPlatforms) = postSolution
		{7D08C877-AE72-4B95-84B5-7814950B1502}.Debug|Win32.ActiveCfg = Debug|Win32
		{7D08C877-AE72-4B95-84B5-7814950B1502}.Debug|Win32.Build.0 = Debug|Win32
		{7D08C877-AE72-4B95-84B5-7814950B1502}.Release|Win32.ActiveCfg = Release|Win32
		{7D08C877-AE72-4B95-84B5-7814950B1502}.Release|Win32.Build.0 = Release|Win32
		{E63AD8C5-3FFF-4BE7-8798-3F87D3E1E8FB}.Debug|Win32.ActiveCfg = Debug|Win32
		{E63AD8C5-3FFF-4BE7-8798-3F87D3E1E8FB}.Debug|Win32.Build.0 = Debug|Win32
		{E63AD8C5-3FFF-4BE7-8798-3F87D3E1E8FB}.Release|Win32.ActiveCfg = Release|Win32
		{E63AD8C5-3FFF-4BE7-8798-3F87D3E1E8FB}.Release|Win32.Build.0 = Release|Win32
		{D2FE6F40-AD61-424B-994B-4D7993551961}.Debug|Win32.ActiveCfg = Debug|Win32
		{D2FE6F40-AD61-424B-994B-4D7993551961}.Debug|Win32.Build.0 = Debug|Win32
		{D2FE6F40-AD61-424B-994B-4D7993551961}.Release|Win32.ActiveCfg = Release|Win32
		{D2FE6F40-AD61-424B-994B-4D7993551961}.Release|Win32.Build.0 = Release|Win32
		{8F09E95C-E73A-40E3-9DB8-75F215A5393E}.Debug|Win32.ActiveCfg = Debug|Win32
		{8F09E95C-E73A-40E3-9DB8-75F215A5393E}.Debug|Win32.Build.0 = Debug|Win32
		{8F09E95C-E73A-40E3-9DB8-75F215A5393E}.Release|Win32.ActiveCfg = Release|Win32
		{8F09E95C-E73A-40E3-9DB8-75F215A5393E}.Release|Win32.Build.0 = Release|Win32
		{F9BFB419-CB80-4D13-8DFB-D5ADA1DB97E6}.Debug|Win32.ActiveCfg = Debug|Win32
		{F9BFB419-CB80-4D13-8DFB-D5ADA1DB97E6}.Debug|Win32.Build.0 = Debug|Win32
		{F9BFB419-CB80-4D13-8DFB-D5ADA1DB97E6}.Release|Win32.ActiveCfg = Release|Win32
		{F9BFB419-CB80-4D13-8DFB-D5ADA1DB97E6}.Release|Win32.Build.0 = Release|Win32
		{14ADA05B-3001-4005-A532-BA8D95DC367B}.Debug|Win32.ActiveCfg = Debug|Win32
		{14ADA05B-3001-4005-A532-BA8D95DC367B}.Debug|Win32.Build.0 = Debug|Win32
		{14ADA05B-3001-4005-A532-BA8D95DC367B}.Release|Win32.ActiveCfg = Release|Win32
		{14ADA05B-3001-4005-A532-BA8D95DC367B}.Release|Win32.Build.0 = Release|Win32
		{93F41327-A725-445F-8F3F-678ABA8251C5}.Debug|Win32.ActiveCfg = Debug|Win32
		{93F41327-A725-445F-8F3F-678ABA8251C5}.Debug|Win32.Build.0 = Debug|Win32
		{93F41327-A725-445F-8F3F-678ABA8251C5}.Release|Win32.ActiveCfg = Release|Win32
		{93F41327-A725-445F-8F3F-678ABA8251C5}.Release|Win32.Build.0 = Release|Win32
		{E25B6C31-5A99-496D-A32A-C52CEBF02F82}.Debug|Win32.ActiveCfg = Debug|Win32
		{E25B6C31-5A99-496D-A32A-C52CEBF02F82}.Debug|Win32.Build.0 = Debug|Win32
		{E25B6C31-5A99-496D-A32A-C52CEBF02F82}.Release|Win32.ActiveCfg = Release|Win32
		{E25B6C31-5A99-496D-A32A-C52CEBF02F82}.Release|Win32.Build.0 = Release|Win32
		{667F2686-3BDA-4613-8294-5C5CA0B8FA62}.Debug|Win32.ActiveCfg = Debug|Win32
		{667F2686-3BDA-4613-8294-5C5CA0B8FA62}.Debug|Win32.Build.0 = Debug|Win32
		{667F2686-3BDA-4613-8294-5C5CA0B8FA62}.Release|Win32.ActiveCfg = Release|Win32
		{667F2686-3BDA-4613-8294-5C5CA0B8FA62}.Release|Win32.Build.0 = Release|Win32
	EndGlobalSection
	GlobalSection(SolutionProperties) = preSolution
		HideSolutionNode = FALSE
	EndGlobalSection
EndGlobal
